// !$*UTF8*$!
{
	archiveVersion = 1;
	classes = {
	};
	objectVersion = 70;
	objects = {

/* Begin PBXBuildFile section */
		094BBF7E7E88D2805E212D1F /* Pods_MovieDb.framework in Frameworks */ = {isa = PBXBuildFile; fileRef = 015EB0521AAC3AC81AC86B65 /* Pods_MovieDb.framework */; };
		1825E9202860E6ED00653042 /* SearchMultiContentModel.swift in Sources */ = {isa = PBXBuildFile; fileRef = 1825E91F2860E6ED00653042 /* SearchMultiContentModel.swift */; };
		1825E9242860E85900653042 /* SearchCardView.swift in Sources */ = {isa = PBXBuildFile; fileRef = 1825E9232860E85900653042 /* SearchCardView.swift */; };
		1829CD4B294FB35700B9F08B /* BaseViewModel.swift in Sources */ = {isa = PBXBuildFile; fileRef = 1829CD4A294FB35700B9F08B /* BaseViewModel.swift */; };
		182D4E0C2827F39E0050DC69 /* PopularCardView.swift in Sources */ = {isa = PBXBuildFile; fileRef = 182D4E0B2827F39E0050DC69 /* PopularCardView.swift */; };
		1832863F282AFE1A0039B396 /* MovieDetailCenterView.swift in Sources */ = {isa = PBXBuildFile; fileRef = 1832863E282AFE1A0039B396 /* MovieDetailCenterView.swift */; };
		18328642282B00650039B396 /* MovieDetailFooterView.swift in Sources */ = {isa = PBXBuildFile; fileRef = 18328641282B00650039B396 /* MovieDetailFooterView.swift */; };
		185A8D462A2CFBCB0044582F /* MovieDbRouter.swift in Sources */ = {isa = PBXBuildFile; fileRef = 185A8D442A2CFBCB0044582F /* MovieDbRouter.swift */; };
		185A8D472A2CFBCB0044582F /* NetworkManager.swift in Sources */ = {isa = PBXBuildFile; fileRef = 185A8D452A2CFBCB0044582F /* NetworkManager.swift */; };
		18666BE028538EBE008654E6 /* ContentBindigs.swift in Sources */ = {isa = PBXBuildFile; fileRef = 18666BDF28538EBE008654E6 /* ContentBindigs.swift */; };
		18677A692859076A0015FF0E /* FavoriteModel.swift in Sources */ = {isa = PBXBuildFile; fileRef = 18677A682859076A0015FF0E /* FavoriteModel.swift */; };
		1868CC23283EA5A500D8D94B /* MainTabView.swift in Sources */ = {isa = PBXBuildFile; fileRef = 1868CC22283EA5A500D8D94B /* MainTabView.swift */; };
		186E6B4E29F30424008B195A /* RegisterView.swift in Sources */ = {isa = PBXBuildFile; fileRef = 186E6B4D29F30424008B195A /* RegisterView.swift */; };
		1878765428341AF300ACFEAB /* TvSeriesDetailCenterView.swift in Sources */ = {isa = PBXBuildFile; fileRef = 1878765328341AF300ACFEAB /* TvSeriesDetailCenterView.swift */; };
		1878765628341C4D00ACFEAB /* TvSeriesDetailFooterView.swift in Sources */ = {isa = PBXBuildFile; fileRef = 1878765528341C4D00ACFEAB /* TvSeriesDetailFooterView.swift */; };
		187876582834218400ACFEAB /* CirclePhotoView.swift in Sources */ = {isa = PBXBuildFile; fileRef = 187876572834218400ACFEAB /* CirclePhotoView.swift */; };
		1878765E28342A0300ACFEAB /* SearchView.swift in Sources */ = {isa = PBXBuildFile; fileRef = 1878765D28342A0300ACFEAB /* SearchView.swift */; };
		18899D6A2824648A0051FA82 /* MovieDescriptionView.swift in Sources */ = {isa = PBXBuildFile; fileRef = 18899D692824648A0051FA82 /* MovieDescriptionView.swift */; };
		188CD6F228426FE4007D85D0 /* SplashView.swift in Sources */ = {isa = PBXBuildFile; fileRef = 188CD6F128426FE4007D85D0 /* SplashView.swift */; };
		188CD6F528427ED8007D85D0 /* SplashFinalView.swift in Sources */ = {isa = PBXBuildFile; fileRef = 188CD6F428427ED8007D85D0 /* SplashFinalView.swift */; };
		1894F7A1285129E40045E516 /* Converter.swift in Sources */ = {isa = PBXBuildFile; fileRef = 1894F7A0285129E40045E516 /* Converter.swift */; };
		18AA7B0B2986D408004690CE /* LoginView.swift in Sources */ = {isa = PBXBuildFile; fileRef = 18AA7B0A2986D408004690CE /* LoginView.swift */; };
		18B0CFF22826C3AE007C73A3 /* NavigationBarModifier.swift in Sources */ = {isa = PBXBuildFile; fileRef = 18B0CFF12826C3AE007C73A3 /* NavigationBarModifier.swift */; };
		18B30900285FA27B00B89724 /* TvSerieCastModel.swift in Sources */ = {isa = PBXBuildFile; fileRef = 18B308FF285FA27B00B89724 /* TvSerieCastModel.swift */; };
		18B30902285FADA000B89724 /* CastPersonView.swift in Sources */ = {isa = PBXBuildFile; fileRef = 18B30901285FADA000B89724 /* CastPersonView.swift */; };
		18B30907285FB15E00B89724 /* CastPeopleModel.swift in Sources */ = {isa = PBXBuildFile; fileRef = 18B30906285FB15E00B89724 /* CastPeopleModel.swift */; };
		18B30909285FBA3900B89724 /* SearchViewModel.swift in Sources */ = {isa = PBXBuildFile; fileRef = 18B30908285FBA3900B89724 /* SearchViewModel.swift */; };
		18B3090C285FBB5200B89724 /* SearchContentModel.swift in Sources */ = {isa = PBXBuildFile; fileRef = 18B3090B285FBB5200B89724 /* SearchContentModel.swift */; };
		18BBD75D2DBFB618008A94CF /* SmallRatingView.swift in Sources */ = {isa = PBXBuildFile; fileRef = 18BBD75C2DBFB614008A94CF /* SmallRatingView.swift */; };
		18D13030282448410064C61C /* MovieDbApp.swift in Sources */ = {isa = PBXBuildFile; fileRef = 18D1302F282448410064C61C /* MovieDbApp.swift */; };
		18D13034282448420064C61C /* Assets.xcassets in Resources */ = {isa = PBXBuildFile; fileRef = 18D13033282448420064C61C /* Assets.xcassets */; };
		18D13037282448420064C61C /* Preview Assets.xcassets in Resources */ = {isa = PBXBuildFile; fileRef = 18D13036282448420064C61C /* Preview Assets.xcassets */; };
		18D1304928245CE70064C61C /* PagingView.swift in Sources */ = {isa = PBXBuildFile; fileRef = 18D1304828245CE70064C61C /* PagingView.swift */; };
		18E66A8329D370FE00451A0D /* LoginBackground.swift in Sources */ = {isa = PBXBuildFile; fileRef = 18E66A8229D370FE00451A0D /* LoginBackground.swift */; };
		18EC9402283A64E500AB47AC /* SearchBar.swift in Sources */ = {isa = PBXBuildFile; fileRef = 18EC9401283A64E500AB47AC /* SearchBar.swift */; };
		18EC9404283A78D500AB47AC /* ProfileView.swift in Sources */ = {isa = PBXBuildFile; fileRef = 18EC9403283A78D500AB47AC /* ProfileView.swift */; };
		18EC9407283A7BDB00AB47AC /* ProfileFavoriteCardView.swift in Sources */ = {isa = PBXBuildFile; fileRef = 18EC9406283A7BDB00AB47AC /* ProfileFavoriteCardView.swift */; };
		18F287092850CEDA00C2D5AE /* Genre.swift in Sources */ = {isa = PBXBuildFile; fileRef = 18F287082850CEDA00C2D5AE /* Genre.swift */; };
		18F2870D2850CEE200C2D5AE /* TvSerieDetailModel.swift in Sources */ = {isa = PBXBuildFile; fileRef = 18F2870A2850CEE100C2D5AE /* TvSerieDetailModel.swift */; };
		18F2870E2850CEE200C2D5AE /* TvSeriesModel.swift in Sources */ = {isa = PBXBuildFile; fileRef = 18F2870B2850CEE100C2D5AE /* TvSeriesModel.swift */; };
		18F2870F2850CEE200C2D5AE /* TvTopRatedModel.swift in Sources */ = {isa = PBXBuildFile; fileRef = 18F2870C2850CEE100C2D5AE /* TvTopRatedModel.swift */; };
		18F287132850CEE700C2D5AE /* MovieModel.swift in Sources */ = {isa = PBXBuildFile; fileRef = 18F287102850CEE700C2D5AE /* MovieModel.swift */; };
		18F287142850CEE700C2D5AE /* MovieDetailModel.swift in Sources */ = {isa = PBXBuildFile; fileRef = 18F287112850CEE700C2D5AE /* MovieDetailModel.swift */; };
		18F287152850CEE700C2D5AE /* MovieTopRated.swift in Sources */ = {isa = PBXBuildFile; fileRef = 18F287122850CEE700C2D5AE /* MovieTopRated.swift */; };
		18F287192850CEEE00C2D5AE /* ProdutionCompany.swift in Sources */ = {isa = PBXBuildFile; fileRef = 18F287162850CEEE00C2D5AE /* ProdutionCompany.swift */; };
		18F2871A2850CEEE00C2D5AE /* ProductionCountry.swift in Sources */ = {isa = PBXBuildFile; fileRef = 18F287172850CEEE00C2D5AE /* ProductionCountry.swift */; };
		18F2871B2850CEEE00C2D5AE /* SpokenLanguage.swift in Sources */ = {isa = PBXBuildFile; fileRef = 18F287182850CEEE00C2D5AE /* SpokenLanguage.swift */; };
		18F565A22999837800B6DDA2 /* ProfileViewList.swift in Sources */ = {isa = PBXBuildFile; fileRef = 18F565A12999837800B6DDA2 /* ProfileViewList.swift */; };
		18F565A42999839E00B6DDA2 /* ProfileViewHeader.swift in Sources */ = {isa = PBXBuildFile; fileRef = 18F565A32999839E00B6DDA2 /* ProfileViewHeader.swift */; };
		18FE2E9029EAD3D000611CA6 /* LoginFooterView.swift in Sources */ = {isa = PBXBuildFile; fileRef = 18FE2E8F29EAD3D000611CA6 /* LoginFooterView.swift */; };
		18FE2E9229EAD4EC00611CA6 /* LoginTextFieldView.swift in Sources */ = {isa = PBXBuildFile; fileRef = 18FE2E9129EAD4EC00611CA6 /* LoginTextFieldView.swift */; };
		18FE2E9629EADC5500611CA6 /* LoginViewModel.swift in Sources */ = {isa = PBXBuildFile; fileRef = 18FE2E9529EADC5500611CA6 /* LoginViewModel.swift */; };
		18FE2E9829EADECF00611CA6 /* WarningView.swift in Sources */ = {isa = PBXBuildFile; fileRef = 18FE2E9729EADECF00611CA6 /* WarningView.swift */; };
		AB35338A2F24FDED00039197 /* ForgotPasswordButton.swift in Sources */ = {isa = PBXBuildFile; fileRef = AB3533892F24FDE700039197 /* ForgotPasswordButton.swift */; };
		AB35338C2F24FE9100039197 /* LoginLogoView.swift in Sources */ = {isa = PBXBuildFile; fileRef = AB35338B2F24FE8D00039197 /* LoginLogoView.swift */; };
		AB35338E2F24FEDD00039197 /* LoginContentView.swift in Sources */ = {isa = PBXBuildFile; fileRef = AB35338D2F24FED900039197 /* LoginContentView.swift */; };
		AB556B8C2F265EFD0021E184 /* LoginContainer.swift in Sources */ = {isa = PBXBuildFile; fileRef = AB556B8B2F265EFC0021E184 /* LoginContainer.swift */; };
		AB80A1E32F28E13F000039A7 /* AnalyticsManager.swift in Sources */ = {isa = PBXBuildFile; fileRef = AB80A1DC2F28E13F000039A7 /* AnalyticsManager.swift */; };
		AB93B3262F005C33007E081D /* Config.swift in Sources */ = {isa = PBXBuildFile; fileRef = AB93B3252F005C2F007E081D /* Config.swift */; };
		ABA5E3922F004511003E8BE6 /* View+Extension.swift in Sources */ = {isa = PBXBuildFile; fileRef = ABA5E3912F00450D003E8BE6 /* View+Extension.swift */; };
		ABA5E3952F00477A003E8BE6 /* FirstAppearModifier.swift in Sources */ = {isa = PBXBuildFile; fileRef = ABA5E3942F004779003E8BE6 /* FirstAppearModifier.swift */; };
		ABD5FDC42F0819AC00370100 /* NavigationManager.swift in Sources */ = {isa = PBXBuildFile; fileRef = ABD5FDC32F0819A400370100 /* NavigationManager.swift */; };
		ABE81D5E2F2694360060CDCB /* MainBackgroundContainer.swift in Sources */ = {isa = PBXBuildFile; fileRef = ABE81D5C2F26941C0060CDCB /* MainBackgroundContainer.swift */; };
/* End PBXBuildFile section */

/* Begin PBXFileReference section */
		015EB0521AAC3AC81AC86B65 /* Pods_MovieDb.framework */ = {isa = PBXFileReference; explicitFileType = wrapper.framework; includeInIndex = 0; path = Pods_MovieDb.framework; sourceTree = BUILT_PRODUCTS_DIR; };
		1825E91F2860E6ED00653042 /* SearchMultiContentModel.swift */ = {isa = PBXFileReference; lastKnownFileType = sourcecode.swift; path = SearchMultiContentModel.swift; sourceTree = "<group>"; };
		1825E9232860E85900653042 /* SearchCardView.swift */ = {isa = PBXFileReference; lastKnownFileType = sourcecode.swift; path = SearchCardView.swift; sourceTree = "<group>"; };
		1829CD4A294FB35700B9F08B /* BaseViewModel.swift */ = {isa = PBXFileReference; lastKnownFileType = sourcecode.swift; path = BaseViewModel.swift; sourceTree = "<group>"; };
		182D4E0B2827F39E0050DC69 /* PopularCardView.swift */ = {isa = PBXFileReference; lastKnownFileType = sourcecode.swift; path = PopularCardView.swift; sourceTree = "<group>"; };
		1832863E282AFE1A0039B396 /* MovieDetailCenterView.swift */ = {isa = PBXFileReference; lastKnownFileType = sourcecode.swift; path = MovieDetailCenterView.swift; sourceTree = "<group>"; };
		18328641282B00650039B396 /* MovieDetailFooterView.swift */ = {isa = PBXFileReference; lastKnownFileType = sourcecode.swift; path = MovieDetailFooterView.swift; sourceTree = "<group>"; };
		185A8D442A2CFBCB0044582F /* MovieDbRouter.swift */ = {isa = PBXFileReference; fileEncoding = 4; lastKnownFileType = sourcecode.swift; path = MovieDbRouter.swift; sourceTree = "<group>"; };
		185A8D452A2CFBCB0044582F /* NetworkManager.swift */ = {isa = PBXFileReference; fileEncoding = 4; lastKnownFileType = sourcecode.swift; path = NetworkManager.swift; sourceTree = "<group>"; };
		18666BDF28538EBE008654E6 /* ContentBindigs.swift */ = {isa = PBXFileReference; lastKnownFileType = sourcecode.swift; path = ContentBindigs.swift; sourceTree = "<group>"; };
		18677A682859076A0015FF0E /* FavoriteModel.swift */ = {isa = PBXFileReference; lastKnownFileType = sourcecode.swift; path = FavoriteModel.swift; sourceTree = "<group>"; };
		1868CC22283EA5A500D8D94B /* MainTabView.swift */ = {isa = PBXFileReference; lastKnownFileType = sourcecode.swift; path = MainTabView.swift; sourceTree = "<group>"; };
		186E6B4D29F30424008B195A /* RegisterView.swift */ = {isa = PBXFileReference; lastKnownFileType = sourcecode.swift; path = RegisterView.swift; sourceTree = "<group>"; };
		1878765328341AF300ACFEAB /* TvSeriesDetailCenterView.swift */ = {isa = PBXFileReference; lastKnownFileType = sourcecode.swift; path = TvSeriesDetailCenterView.swift; sourceTree = "<group>"; };
		1878765528341C4D00ACFEAB /* TvSeriesDetailFooterView.swift */ = {isa = PBXFileReference; lastKnownFileType = sourcecode.swift; path = TvSeriesDetailFooterView.swift; sourceTree = "<group>"; };
		187876572834218400ACFEAB /* CirclePhotoView.swift */ = {isa = PBXFileReference; lastKnownFileType = sourcecode.swift; path = CirclePhotoView.swift; sourceTree = "<group>"; };
		1878765D28342A0300ACFEAB /* SearchView.swift */ = {isa = PBXFileReference; lastKnownFileType = sourcecode.swift; path = SearchView.swift; sourceTree = "<group>"; };
		1881B924294F9DFD000754D5 /* Networking */ = {isa = PBXFileReference; lastKnownFileType = wrapper; name = Networking; path = "../../iOSProject/SwitUI-CombineDemo-2/Networking"; sourceTree = "<group>"; };
		18899D692824648A0051FA82 /* MovieDescriptionView.swift */ = {isa = PBXFileReference; lastKnownFileType = sourcecode.swift; path = MovieDescriptionView.swift; sourceTree = "<group>"; };
		188CD6F128426FE4007D85D0 /* SplashView.swift */ = {isa = PBXFileReference; lastKnownFileType = sourcecode.swift; path = SplashView.swift; sourceTree = "<group>"; };
		188CD6F428427ED8007D85D0 /* SplashFinalView.swift */ = {isa = PBXFileReference; lastKnownFileType = sourcecode.swift; path = SplashFinalView.swift; sourceTree = "<group>"; };
		1894F7A0285129E40045E516 /* Converter.swift */ = {isa = PBXFileReference; fileEncoding = 4; lastKnownFileType = sourcecode.swift; path = Converter.swift; sourceTree = "<group>"; };
		18AA7B0A2986D408004690CE /* LoginView.swift */ = {isa = PBXFileReference; lastKnownFileType = sourcecode.swift; path = LoginView.swift; sourceTree = "<group>"; };
		18B0CFF12826C3AE007C73A3 /* NavigationBarModifier.swift */ = {isa = PBXFileReference; lastKnownFileType = sourcecode.swift; path = NavigationBarModifier.swift; sourceTree = "<group>"; };
		18B0CFF72826C651007C73A3 /* Info.plist */ = {isa = PBXFileReference; lastKnownFileType = text.plist.xml; path = Info.plist; sourceTree = "<group>"; };
		18B308FF285FA27B00B89724 /* TvSerieCastModel.swift */ = {isa = PBXFileReference; lastKnownFileType = sourcecode.swift; path = TvSerieCastModel.swift; sourceTree = "<group>"; };
		18B30901285FADA000B89724 /* CastPersonView.swift */ = {isa = PBXFileReference; lastKnownFileType = sourcecode.swift; path = CastPersonView.swift; sourceTree = "<group>"; };
		18B30906285FB15E00B89724 /* CastPeopleModel.swift */ = {isa = PBXFileReference; lastKnownFileType = sourcecode.swift; path = CastPeopleModel.swift; sourceTree = "<group>"; };
		18B30908285FBA3900B89724 /* SearchViewModel.swift */ = {isa = PBXFileReference; lastKnownFileType = sourcecode.swift; path = SearchViewModel.swift; sourceTree = "<group>"; };
		18B3090B285FBB5200B89724 /* SearchContentModel.swift */ = {isa = PBXFileReference; lastKnownFileType = sourcecode.swift; path = SearchContentModel.swift; sourceTree = "<group>"; };
		18BBD75C2DBFB614008A94CF /* SmallRatingView.swift */ = {isa = PBXFileReference; lastKnownFileType = sourcecode.swift; path = SmallRatingView.swift; sourceTree = "<group>"; };
		18D1302C282448410064C61C /* MovieDb.app */ = {isa = PBXFileReference; explicitFileType = wrapper.application; includeInIndex = 0; path = MovieDb.app; sourceTree = BUILT_PRODUCTS_DIR; };
		18D1302F282448410064C61C /* MovieDbApp.swift */ = {isa = PBXFileReference; lastKnownFileType = sourcecode.swift; path = MovieDbApp.swift; sourceTree = "<group>"; };
		18D13033282448420064C61C /* Assets.xcassets */ = {isa = PBXFileReference; lastKnownFileType = folder.assetcatalog; path = Assets.xcassets; sourceTree = "<group>"; };
		18D13036282448420064C61C /* Preview Assets.xcassets */ = {isa = PBXFileReference; lastKnownFileType = folder.assetcatalog; path = "Preview Assets.xcassets"; sourceTree = "<group>"; };
		18D1304828245CE70064C61C /* PagingView.swift */ = {isa = PBXFileReference; lastKnownFileType = sourcecode.swift; path = PagingView.swift; sourceTree = "<group>"; };
		18E66A8229D370FE00451A0D /* LoginBackground.swift */ = {isa = PBXFileReference; lastKnownFileType = sourcecode.swift; path = LoginBackground.swift; sourceTree = "<group>"; };
		18EC9401283A64E500AB47AC /* SearchBar.swift */ = {isa = PBXFileReference; lastKnownFileType = sourcecode.swift; path = SearchBar.swift; sourceTree = "<group>"; };
		18EC9403283A78D500AB47AC /* ProfileView.swift */ = {isa = PBXFileReference; lastKnownFileType = sourcecode.swift; path = ProfileView.swift; sourceTree = "<group>"; };
		18EC9406283A7BDB00AB47AC /* ProfileFavoriteCardView.swift */ = {isa = PBXFileReference; lastKnownFileType = sourcecode.swift; path = ProfileFavoriteCardView.swift; sourceTree = "<group>"; };
		18F287082850CEDA00C2D5AE /* Genre.swift */ = {isa = PBXFileReference; fileEncoding = 4; lastKnownFileType = sourcecode.swift; path = Genre.swift; sourceTree = "<group>"; };
		18F2870A2850CEE100C2D5AE /* TvSerieDetailModel.swift */ = {isa = PBXFileReference; fileEncoding = 4; lastKnownFileType = sourcecode.swift; path = TvSerieDetailModel.swift; sourceTree = "<group>"; };
		18F2870B2850CEE100C2D5AE /* TvSeriesModel.swift */ = {isa = PBXFileReference; fileEncoding = 4; lastKnownFileType = sourcecode.swift; path = TvSeriesModel.swift; sourceTree = "<group>"; };
		18F2870C2850CEE100C2D5AE /* TvTopRatedModel.swift */ = {isa = PBXFileReference; fileEncoding = 4; lastKnownFileType = sourcecode.swift; path = TvTopRatedModel.swift; sourceTree = "<group>"; };
		18F287102850CEE700C2D5AE /* MovieModel.swift */ = {isa = PBXFileReference; fileEncoding = 4; lastKnownFileType = sourcecode.swift; path = MovieModel.swift; sourceTree = "<group>"; };
		18F287112850CEE700C2D5AE /* MovieDetailModel.swift */ = {isa = PBXFileReference; fileEncoding = 4; lastKnownFileType = sourcecode.swift; path = MovieDetailModel.swift; sourceTree = "<group>"; };
		18F287122850CEE700C2D5AE /* MovieTopRated.swift */ = {isa = PBXFileReference; fileEncoding = 4; lastKnownFileType = sourcecode.swift; path = MovieTopRated.swift; sourceTree = "<group>"; };
		18F287162850CEEE00C2D5AE /* ProdutionCompany.swift */ = {isa = PBXFileReference; fileEncoding = 4; lastKnownFileType = sourcecode.swift; path = ProdutionCompany.swift; sourceTree = "<group>"; };
		18F287172850CEEE00C2D5AE /* ProductionCountry.swift */ = {isa = PBXFileReference; fileEncoding = 4; lastKnownFileType = sourcecode.swift; path = ProductionCountry.swift; sourceTree = "<group>"; };
		18F287182850CEEE00C2D5AE /* SpokenLanguage.swift */ = {isa = PBXFileReference; fileEncoding = 4; lastKnownFileType = sourcecode.swift; path = SpokenLanguage.swift; sourceTree = "<group>"; };
		18F565A12999837800B6DDA2 /* ProfileViewList.swift */ = {isa = PBXFileReference; lastKnownFileType = sourcecode.swift; path = ProfileViewList.swift; sourceTree = "<group>"; };
		18F565A32999839E00B6DDA2 /* ProfileViewHeader.swift */ = {isa = PBXFileReference; lastKnownFileType = sourcecode.swift; path = ProfileViewHeader.swift; sourceTree = "<group>"; };
		18FE2E8F29EAD3D000611CA6 /* LoginFooterView.swift */ = {isa = PBXFileReference; lastKnownFileType = sourcecode.swift; path = LoginFooterView.swift; sourceTree = "<group>"; };
		18FE2E9129EAD4EC00611CA6 /* LoginTextFieldView.swift */ = {isa = PBXFileReference; lastKnownFileType = sourcecode.swift; path = LoginTextFieldView.swift; sourceTree = "<group>"; };
		18FE2E9529EADC5500611CA6 /* LoginViewModel.swift */ = {isa = PBXFileReference; lastKnownFileType = sourcecode.swift; path = LoginViewModel.swift; sourceTree = "<group>"; };
		18FE2E9729EADECF00611CA6 /* WarningView.swift */ = {isa = PBXFileReference; lastKnownFileType = sourcecode.swift; path = WarningView.swift; sourceTree = "<group>"; };
		4CF292E88E0CE0C7D7F21B36 /* Pods-MovieDb.release.xcconfig */ = {isa = PBXFileReference; includeInIndex = 1; lastKnownFileType = text.xcconfig; name = "Pods-MovieDb.release.xcconfig"; path = "Target Support Files/Pods-MovieDb/Pods-MovieDb.release.xcconfig"; sourceTree = "<group>"; };
		AB3533892F24FDE700039197 /* ForgotPasswordButton.swift */ = {isa = PBXFileReference; lastKnownFileType = sourcecode.swift; path = ForgotPasswordButton.swift; sourceTree = "<group>"; };
		AB35338B2F24FE8D00039197 /* LoginLogoView.swift */ = {isa = PBXFileReference; lastKnownFileType = sourcecode.swift; path = LoginLogoView.swift; sourceTree = "<group>"; };
		AB35338D2F24FED900039197 /* LoginContentView.swift */ = {isa = PBXFileReference; lastKnownFileType = sourcecode.swift; path = LoginContentView.swift; sourceTree = "<group>"; };
		AB556B8B2F265EFC0021E184 /* LoginContainer.swift */ = {isa = PBXFileReference; lastKnownFileType = sourcecode.swift; path = LoginContainer.swift; sourceTree = "<group>"; };
		AB80A1DC2F28E13F000039A7 /* AnalyticsManager.swift */ = {isa = PBXFileReference; lastKnownFileType = sourcecode.swift; path = AnalyticsManager.swift; sourceTree = "<group>"; };
		AB93B3252F005C2F007E081D /* Config.swift */ = {isa = PBXFileReference; lastKnownFileType = sourcecode.swift; path = Config.swift; sourceTree = "<group>"; };
		ABA5E3912F00450D003E8BE6 /* View+Extension.swift */ = {isa = PBXFileReference; lastKnownFileType = sourcecode.swift; path = "View+Extension.swift"; sourceTree = "<group>"; };
		ABA5E3942F004779003E8BE6 /* FirstAppearModifier.swift */ = {isa = PBXFileReference; lastKnownFileType = sourcecode.swift; path = FirstAppearModifier.swift; sourceTree = "<group>"; };
		ABD5FDC32F0819A400370100 /* NavigationManager.swift */ = {isa = PBXFileReference; lastKnownFileType = sourcecode.swift; path = NavigationManager.swift; sourceTree = "<group>"; };
		ABE81D5C2F26941C0060CDCB /* MainBackgroundContainer.swift */ = {isa = PBXFileReference; lastKnownFileType = sourcecode.swift; path = MainBackgroundContainer.swift; sourceTree = "<group>"; };
		DB48551655D2084D209CE71B /* Pods-MovieDb.debug.xcconfig */ = {isa = PBXFileReference; includeInIndex = 1; lastKnownFileType = text.xcconfig; name = "Pods-MovieDb.debug.xcconfig"; path = "Target Support Files/Pods-MovieDb/Pods-MovieDb.debug.xcconfig"; sourceTree = "<group>"; };
/* End PBXFileReference section */

/* Begin PBXFileSystemSynchronizedRootGroup section */
		AB1102F52DB6DDC0001AD7A0 /* RootView */ = {isa = PBXFileSystemSynchronizedRootGroup; explicitFileTypes = {}; explicitFolders = (); path = RootView; sourceTree = "<group>"; };
		AB1102F62DB6DDCC001AD7A0 /* TvSeriesDetail */ = {isa = PBXFileSystemSynchronizedRootGroup; explicitFileTypes = {}; explicitFolders = (); path = TvSeriesDetail; sourceTree = "<group>"; };
		AB1102F82DB6DDEB001AD7A0 /* Movie */ = {isa = PBXFileSystemSynchronizedRootGroup; explicitFileTypes = {}; explicitFolders = (); path = Movie; sourceTree = "<group>"; };
		AB1102F92DB6DDF4001AD7A0 /* MovieDetail */ = {isa = PBXFileSystemSynchronizedRootGroup; explicitFileTypes = {}; explicitFolders = (); path = MovieDetail; sourceTree = "<group>"; };
		AB1102FA2DB6DDFC001AD7A0 /* MovieLocation */ = {isa = PBXFileSystemSynchronizedRootGroup; explicitFileTypes = {}; explicitFolders = (); path = MovieLocation; sourceTree = "<group>"; };
		AB80A1E02F28E13F000039A7 /* TvSeries */ = {isa = PBXFileSystemSynchronizedRootGroup; explicitFileTypes = {}; explicitFolders = (); path = TvSeries; sourceTree = "<group>"; };
/* End PBXFileSystemSynchronizedRootGroup section */

/* Begin PBXFrameworksBuildPhase section */
		18D13029282448410064C61C /* Frameworks */ = {
			isa = PBXFrameworksBuildPhase;
			buildActionMask = 2147483647;
			files = (
				094BBF7E7E88D2805E212D1F /* Pods_MovieDb.framework in Frameworks */,
			);
			runOnlyForDeploymentPostprocessing = 0;
		};
/* End PBXFrameworksBuildPhase section */

/* Begin PBXGroup section */
		0E8818C7DB6660C8519405BF /* Frameworks */ = {
			isa = PBXGroup;
			children = (
				015EB0521AAC3AC81AC86B65 /* Pods_MovieDb.framework */,
			);
			name = Frameworks;
			sourceTree = "<group>";
		};
		182D4E0D282817ED0050DC69 /* CommonView */ = {
			isa = PBXGroup;
			children = (
				18BBD75C2DBFB614008A94CF /* SmallRatingView.swift */,
				18D1304828245CE70064C61C /* PagingView.swift */,
			);
			path = CommonView;
			sourceTree = "<group>";
		};
		18328640282B00420039B396 /* MovieDetailView */ = {
			isa = PBXGroup;
			children = (
				1832863E282AFE1A0039B396 /* MovieDetailCenterView.swift */,
				18328641282B00650039B396 /* MovieDetailFooterView.swift */,
			);
			path = MovieDetailView;
			sourceTree = "<group>";
		};
		18677A67285907570015FF0E /* Profile */ = {
			isa = PBXGroup;
			children = (
				18677A682859076A0015FF0E /* FavoriteModel.swift */,
			);
			path = Profile;
			sourceTree = "<group>";
		};
		186E6B4C29F3040C008B195A /* Register */ = {
			isa = PBXGroup;
			children = (
				186E6B4D29F30424008B195A /* RegisterView.swift */,
			);
			path = Register;
			sourceTree = "<group>";
		};
		18754E422830146600D563D9 /* SupportingFiles */ = {
			isa = PBXGroup;
			children = (
				18D13033282448420064C61C /* Assets.xcassets */,
				18B0CFF72826C651007C73A3 /* Info.plist */,
			);
			path = SupportingFiles;
			sourceTree = "<group>";
		};
		1878765228341ADB00ACFEAB /* TvSeriesDetail */ = {
			isa = PBXGroup;
			children = (
				1878765328341AF300ACFEAB /* TvSeriesDetailCenterView.swift */,
				1878765528341C4D00ACFEAB /* TvSeriesDetailFooterView.swift */,
				187876572834218400ACFEAB /* CirclePhotoView.swift */,
			);
			path = TvSeriesDetail;
			sourceTree = "<group>";
		};
		1878765A283429E000ACFEAB /* MovieScenes */ = {
			isa = PBXGroup;
			children = (
				AB1102F82DB6DDEB001AD7A0 /* Movie */,
				AB1102F92DB6DDF4001AD7A0 /* MovieDetail */,
				AB1102FA2DB6DDFC001AD7A0 /* MovieLocation */,
			);
			path = MovieScenes;
			sourceTree = "<group>";
		};
		1878765B283429E900ACFEAB /* TvSeries */ = {
			isa = PBXGroup;
			children = (
				AB80A1E02F28E13F000039A7 /* TvSeries */,
				AB1102F62DB6DDCC001AD7A0 /* TvSeriesDetail */,
			);
			path = TvSeries;
			sourceTree = "<group>";
		};
		1878765C283429F000ACFEAB /* Search */ = {
			isa = PBXGroup;
			children = (
				18B30908285FBA3900B89724 /* SearchViewModel.swift */,
				1878765D28342A0300ACFEAB /* SearchView.swift */,
			);
			path = Search;
			sourceTree = "<group>";
		};
		1881B923294F9DFD000754D5 /* Packages */ = {
			isa = PBXGroup;
			children = (
				1881B924294F9DFD000754D5 /* Networking */,
			);
			name = Packages;
			sourceTree = "<group>";
		};
		188AD322294F96DD00669DA2 /* Networking */ = {
			isa = PBXGroup;
			children = (
				185A8D442A2CFBCB0044582F /* MovieDbRouter.swift */,
				185A8D452A2CFBCB0044582F /* NetworkManager.swift */,
			);
			path = Networking;
			sourceTree = "<group>";
		};
		188CD6F328426FE7007D85D0 /* Splash */ = {
			isa = PBXGroup;
			children = (
				188CD6F128426FE4007D85D0 /* SplashView.swift */,
			);
			path = Splash;
			sourceTree = "<group>";
		};
		188CD6F62842801D007D85D0 /* Splash */ = {
			isa = PBXGroup;
			children = (
				188CD6F428427ED8007D85D0 /* SplashFinalView.swift */,
			);
			path = Splash;
			sourceTree = "<group>";
		};
		18B0CFF32826C3B6007C73A3 /* Helper */ = {
			isa = PBXGroup;
			children = (
				18666BDF28538EBE008654E6 /* ContentBindigs.swift */,
				1894F7A0285129E40045E516 /* Converter.swift */,
				18B0CFF12826C3AE007C73A3 /* NavigationBarModifier.swift */,
				ABD5FDC32F0819A400370100 /* NavigationManager.swift */,
				ABA5E3912F00450D003E8BE6 /* View+Extension.swift */,
				ABA5E3932F00476E003E8BE6 /* ViewModifier */,
				AB80A1DC2F28E13F000039A7 /* AnalyticsManager.swift */,
			);
			path = Helper;
			sourceTree = "<group>";
		};
		18B0CFF42826C432007C73A3 /* MovieView */ = {
			isa = PBXGroup;
			children = (
				18899D692824648A0051FA82 /* MovieDescriptionView.swift */,
				182D4E0B2827F39E0050DC69 /* PopularCardView.swift */,
			);
			path = MovieView;
			sourceTree = "<group>";
		};
		18B30903285FADA500B89724 /* Common */ = {
			isa = PBXGroup;
			children = (
				ABE81D5C2F26941C0060CDCB /* MainBackgroundContainer.swift */,
				18B30901285FADA000B89724 /* CastPersonView.swift */,
				18FE2E9729EADECF00611CA6 /* WarningView.swift */,
			);
			path = Common;
			sourceTree = "<group>";
		};
		18B3090D285FBB7800B89724 /* Search */ = {
			isa = PBXGroup;
			children = (
				18B3090B285FBB5200B89724 /* SearchContentModel.swift */,
				1825E91F2860E6ED00653042 /* SearchMultiContentModel.swift */,
			);
			path = Search;
			sourceTree = "<group>";
		};
		18D13023282448410064C61C = {
			isa = PBXGroup;
			children = (
				1881B923294F9DFD000754D5 /* Packages */,
				18D1302E282448410064C61C /* MovieDb */,
				18D1302D282448410064C61C /* Products */,
				A1297DAA9B49050DD12FA9DB /* Pods */,
				0E8818C7DB6660C8519405BF /* Frameworks */,
			);
			sourceTree = "<group>";
		};
		18D1302D282448410064C61C /* Products */ = {
			isa = PBXGroup;
			children = (
				18D1302C282448410064C61C /* MovieDb.app */,
			);
			name = Products;
			sourceTree = "<group>";
		};
		18D1302E282448410064C61C /* MovieDb */ = {
			isa = PBXGroup;
			children = (
				AB93B3252F005C2F007E081D /* Config.swift */,
				18D13044282456910064C61C /* Components */,
				18B0CFF32826C3B6007C73A3 /* Helper */,
				18D13045282458920064C61C /* Models */,
				188AD322294F96DD00669DA2 /* Networking */,
				18D13035282448420064C61C /* Preview Content */,
				18754E422830146600D563D9 /* SupportingFiles */,
				18D1303D282448AA0064C61C /* View */,
			);
			path = MovieDb;
			sourceTree = "<group>";
		};
		18D13035282448420064C61C /* Preview Content */ = {
			isa = PBXGroup;
			children = (
				18D13036282448420064C61C /* Preview Assets.xcassets */,
			);
			path = "Preview Content";
			sourceTree = "<group>";
		};
		18D1303D282448AA0064C61C /* View */ = {
			isa = PBXGroup;
			children = (
				1829CD4A294FB35700B9F08B /* BaseViewModel.swift */,
				18D1302F282448410064C61C /* MovieDbApp.swift */,
				18B30903285FADA500B89724 /* Common */,
				18EC940B283A7DC100AB47AC /* Login */,
				1878765A283429E000ACFEAB /* MovieScenes */,
				18EC9408283A7D7800AB47AC /* Profile */,
				186E6B4C29F3040C008B195A /* Register */,
				AB1102F52DB6DDC0001AD7A0 /* RootView */,
				1878765C283429F000ACFEAB /* Search */,
				188CD6F328426FE7007D85D0 /* Splash */,
				1878765B283429E900ACFEAB /* TvSeries */,
			);
			path = View;
			sourceTree = "<group>";
		};
		18D13044282456910064C61C /* Components */ = {
			isa = PBXGroup;
			children = (
				1868CC22283EA5A500D8D94B /* MainTabView.swift */,
				182D4E0D282817ED0050DC69 /* CommonView */,
				18EC93FE283A64C100AB47AC /* Movie */,
				18EC9405283A7BBA00AB47AC /* Profile */,
				18EC9400283A64CF00AB47AC /* Search */,
				188CD6F62842801D007D85D0 /* Splash */,
				18EC93FF283A64C700AB47AC /* TvSeries */,
			);
			path = Components;
			sourceTree = "<group>";
		};
		18D13045282458920064C61C /* Models */ = {
			isa = PBXGroup;
			children = (
				18F287082850CEDA00C2D5AE /* Genre.swift */,
				18F287072850CECD00C2D5AE /* Common */,
				18F287062850CEC900C2D5AE /* Movie */,
				18677A67285907570015FF0E /* Profile */,
				18F287052850CEC300C2D5AE /* Tv */,
				18B3090D285FBB7800B89724 /* Search */,
			);
			path = Models;
			sourceTree = "<group>";
		};
		18EC93FE283A64C100AB47AC /* Movie */ = {
			isa = PBXGroup;
			children = (
				18328640282B00420039B396 /* MovieDetailView */,
				18B0CFF42826C432007C73A3 /* MovieView */,
			);
			path = Movie;
			sourceTree = "<group>";
		};
		18EC93FF283A64C700AB47AC /* TvSeries */ = {
			isa = PBXGroup;
			children = (
				1878765228341ADB00ACFEAB /* TvSeriesDetail */,
			);
			path = TvSeries;
			sourceTree = "<group>";
		};
		18EC9400283A64CF00AB47AC /* Search */ = {
			isa = PBXGroup;
			children = (
				18EC9401283A64E500AB47AC /* SearchBar.swift */,
				1825E9232860E85900653042 /* SearchCardView.swift */,
			);
			path = Search;
			sourceTree = "<group>";
		};
		18EC9405283A7BBA00AB47AC /* Profile */ = {
			isa = PBXGroup;
			children = (
				18EC9406283A7BDB00AB47AC /* ProfileFavoriteCardView.swift */,
			);
			path = Profile;
			sourceTree = "<group>";
		};
		18EC9408283A7D7800AB47AC /* Profile */ = {
			isa = PBXGroup;
			children = (
				18EC9403283A78D500AB47AC /* ProfileView.swift */,
				18F565A12999837800B6DDA2 /* ProfileViewList.swift */,
				18F565A32999839E00B6DDA2 /* ProfileViewHeader.swift */,
			);
			path = Profile;
			sourceTree = "<group>";
		};
		18EC940B283A7DC100AB47AC /* Login */ = {
			isa = PBXGroup;
			children = (
				18FE2E9529EADC5500611CA6 /* LoginViewModel.swift */,
				18AA7B0A2986D408004690CE /* LoginView.swift */,
				18FE2E9329EAD50400611CA6 /* Components */,
			);
			path = Login;
			sourceTree = "<group>";
		};
		18F287052850CEC300C2D5AE /* Tv */ = {
			isa = PBXGroup;
			children = (
				18F2870A2850CEE100C2D5AE /* TvSerieDetailModel.swift */,
				18F2870B2850CEE100C2D5AE /* TvSeriesModel.swift */,
				18F2870C2850CEE100C2D5AE /* TvTopRatedModel.swift */,
				18B308FF285FA27B00B89724 /* TvSerieCastModel.swift */,
			);
			path = Tv;
			sourceTree = "<group>";
		};
		18F287062850CEC900C2D5AE /* Movie */ = {
			isa = PBXGroup;
			children = (
				18F287112850CEE700C2D5AE /* MovieDetailModel.swift */,
				18F287102850CEE700C2D5AE /* MovieModel.swift */,
				18F287122850CEE700C2D5AE /* MovieTopRated.swift */,
			);
			path = Movie;
			sourceTree = "<group>";
		};
		18F287072850CECD00C2D5AE /* Common */ = {
			isa = PBXGroup;
			children = (
				18B30906285FB15E00B89724 /* CastPeopleModel.swift */,
				18F287172850CEEE00C2D5AE /* ProductionCountry.swift */,
				18F287162850CEEE00C2D5AE /* ProdutionCompany.swift */,
				18F287182850CEEE00C2D5AE /* SpokenLanguage.swift */,
			);
			path = Common;
			sourceTree = "<group>";
		};
		18FE2E9329EAD50400611CA6 /* Components */ = {
			isa = PBXGroup;
			children = (
				AB556B8B2F265EFC0021E184 /* LoginContainer.swift */,
				AB35338D2F24FED900039197 /* LoginContentView.swift */,
				AB35338B2F24FE8D00039197 /* LoginLogoView.swift */,
				AB3533892F24FDE700039197 /* ForgotPasswordButton.swift */,
				18E66A8229D370FE00451A0D /* LoginBackground.swift */,
				18FE2E8F29EAD3D000611CA6 /* LoginFooterView.swift */,
				18FE2E9129EAD4EC00611CA6 /* LoginTextFieldView.swift */,
			);
			path = Components;
			sourceTree = "<group>";
		};
		A1297DAA9B49050DD12FA9DB /* Pods */ = {
			isa = PBXGroup;
			children = (
				DB48551655D2084D209CE71B /* Pods-MovieDb.debug.xcconfig */,
				4CF292E88E0CE0C7D7F21B36 /* Pods-MovieDb.release.xcconfig */,
			);
			path = Pods;
			sourceTree = "<group>";
		};
		ABA5E3932F00476E003E8BE6 /* ViewModifier */ = {
			isa = PBXGroup;
			children = (
				ABA5E3942F004779003E8BE6 /* FirstAppearModifier.swift */,
			);
			path = ViewModifier;
			sourceTree = "<group>";
		};
/* End PBXGroup section */

/* Begin PBXNativeTarget section */
		18D1302B282448410064C61C /* MovieDb */ = {
			isa = PBXNativeTarget;
			buildConfigurationList = 18D1303A282448420064C61C /* Build configuration list for PBXNativeTarget "MovieDb" */;
			buildPhases = (
				E90065DF601700A5279763B4 /* [CP] Check Pods Manifest.lock */,
				18D13028282448410064C61C /* Sources */,
				18D13029282448410064C61C /* Frameworks */,
				18D1302A282448410064C61C /* Resources */,
			);
			buildRules = (
			);
			dependencies = (
			);
			fileSystemSynchronizedGroups = (
				AB1102F52DB6DDC0001AD7A0 /* RootView */,
				AB1102F62DB6DDCC001AD7A0 /* TvSeriesDetail */,
				AB1102F82DB6DDEB001AD7A0 /* Movie */,
				AB1102F92DB6DDF4001AD7A0 /* MovieDetail */,
				AB1102FA2DB6DDFC001AD7A0 /* MovieLocation */,
				AB80A1E02F28E13F000039A7 /* TvSeries */,
			);
			name = MovieDb;
			productName = MovieDb;
			productReference = 18D1302C282448410064C61C /* MovieDb.app */;
			productType = "com.apple.product-type.application";
		};
/* End PBXNativeTarget section */

/* Begin PBXProject section */
		18D13024282448410064C61C /* Project object */ = {
			isa = PBXProject;
			attributes = {
				BuildIndependentTargetsInParallel = 1;
				LastSwiftUpdateCheck = 1330;
				LastUpgradeCheck = 2620;
				TargetAttributes = {
					18D1302B282448410064C61C = {
						CreatedOnToolsVersion = 13.3.1;
					};
				};
			};
			buildConfigurationList = 18D13027282448410064C61C /* Build configuration list for PBXProject "MovieDb" */;
			compatibilityVersion = "Xcode 13.0";
			developmentRegion = en;
			hasScannedForEncodings = 0;
			knownRegions = (
				en,
				Base,
			);
			mainGroup = 18D13023282448410064C61C;
			productRefGroup = 18D1302D282448410064C61C /* Products */;
			projectDirPath = "";
			projectRoot = "";
			targets = (
				18D1302B282448410064C61C /* MovieDb */,
			);
		};
/* End PBXProject section */

/* Begin PBXResourcesBuildPhase section */
		18D1302A282448410064C61C /* Resources */ = {
			isa = PBXResourcesBuildPhase;
			buildActionMask = 2147483647;
			files = (
				18D13037282448420064C61C /* Preview Assets.xcassets in Resources */,
				18D13034282448420064C61C /* Assets.xcassets in Resources */,
			);
			runOnlyForDeploymentPostprocessing = 0;
		};
/* End PBXResourcesBuildPhase section */

/* Begin PBXShellScriptBuildPhase section */
		E90065DF601700A5279763B4 /* [CP] Check Pods Manifest.lock */ = {
			isa = PBXShellScriptBuildPhase;
			buildActionMask = 2147483647;
			files = (
			);
			inputFileListPaths = (
			);
			inputPaths = (
				"${PODS_PODFILE_DIR_PATH}/Podfile.lock",
				"${PODS_ROOT}/Manifest.lock",
			);
			name = "[CP] Check Pods Manifest.lock";
			outputFileListPaths = (
			);
			outputPaths = (
				"$(DERIVED_FILE_DIR)/Pods-MovieDb-checkManifestLockResult.txt",
			);
			runOnlyForDeploymentPostprocessing = 0;
			shellPath = /bin/sh;
			shellScript = "diff \"${PODS_PODFILE_DIR_PATH}/Podfile.lock\" \"${PODS_ROOT}/Manifest.lock\" > /dev/null\nif [ $? != 0 ] ; then\n    # print error to STDERR\n    echo \"error: The sandbox is not in sync with the Podfile.lock. Run 'pod install' or update your CocoaPods installation.\" >&2\n    exit 1\nfi\n# This output is used by Xcode 'outputs' to avoid re-running this script phase.\necho \"SUCCESS\" > \"${SCRIPT_OUTPUT_FILE_0}\"\n";
			showEnvVarsInLog = 0;
		};
/* End PBXShellScriptBuildPhase section */

/* Begin PBXSourcesBuildPhase section */
		18D13028282448410064C61C /* Sources */ = {
			isa = PBXSourcesBuildPhase;
			buildActionMask = 2147483647;
			files = (
				1878765E28342A0300ACFEAB /* SearchView.swift in Sources */,
				18FE2E9829EADECF00611CA6 /* WarningView.swift in Sources */,
				18F2871A2850CEEE00C2D5AE /* ProductionCountry.swift in Sources */,
				18FE2E9629EADC5500611CA6 /* LoginViewModel.swift in Sources */,
				1829CD4B294FB35700B9F08B /* BaseViewModel.swift in Sources */,
				18F287142850CEE700C2D5AE /* MovieDetailModel.swift in Sources */,
				ABE81D5E2F2694360060CDCB /* MainBackgroundContainer.swift in Sources */,
				AB35338C2F24FE9100039197 /* LoginLogoView.swift in Sources */,
				ABA5E3952F00477A003E8BE6 /* FirstAppearModifier.swift in Sources */,
				1825E9242860E85900653042 /* SearchCardView.swift in Sources */,
				18FE2E9229EAD4EC00611CA6 /* LoginTextFieldView.swift in Sources */,
				1878765428341AF300ACFEAB /* TvSeriesDetailCenterView.swift in Sources */,
				18328642282B00650039B396 /* MovieDetailFooterView.swift in Sources */,
				18AA7B0B2986D408004690CE /* LoginView.swift in Sources */,
				182D4E0C2827F39E0050DC69 /* PopularCardView.swift in Sources */,
				18BBD75D2DBFB618008A94CF /* SmallRatingView.swift in Sources */,
				18B0CFF22826C3AE007C73A3 /* NavigationBarModifier.swift in Sources */,
				18F287132850CEE700C2D5AE /* MovieModel.swift in Sources */,
				1825E9202860E6ED00653042 /* SearchMultiContentModel.swift in Sources */,
				1894F7A1285129E40045E516 /* Converter.swift in Sources */,
				18F287152850CEE700C2D5AE /* MovieTopRated.swift in Sources */,
				18666BE028538EBE008654E6 /* ContentBindigs.swift in Sources */,
				185A8D462A2CFBCB0044582F /* MovieDbRouter.swift in Sources */,
				18F565A42999839E00B6DDA2 /* ProfileViewHeader.swift in Sources */,
				186E6B4E29F30424008B195A /* RegisterView.swift in Sources */,
				AB35338E2F24FEDD00039197 /* LoginContentView.swift in Sources */,
				18B30909285FBA3900B89724 /* SearchViewModel.swift in Sources */,
				188CD6F528427ED8007D85D0 /* SplashFinalView.swift in Sources */,
				18EC9407283A7BDB00AB47AC /* ProfileFavoriteCardView.swift in Sources */,
				ABD5FDC42F0819AC00370100 /* NavigationManager.swift in Sources */,
				187876582834218400ACFEAB /* CirclePhotoView.swift in Sources */,
				18EC9402283A64E500AB47AC /* SearchBar.swift in Sources */,
				18B3090C285FBB5200B89724 /* SearchContentModel.swift in Sources */,
				AB556B8C2F265EFD0021E184 /* LoginContainer.swift in Sources */,
				18D1304928245CE70064C61C /* PagingView.swift in Sources */,
				18F287092850CEDA00C2D5AE /* Genre.swift in Sources */,
				18F565A22999837800B6DDA2 /* ProfileViewList.swift in Sources */,
				AB93B3262F005C33007E081D /* Config.swift in Sources */,
				18F287192850CEEE00C2D5AE /* ProdutionCompany.swift in Sources */,
				1878765628341C4D00ACFEAB /* TvSeriesDetailFooterView.swift in Sources */,
				185A8D472A2CFBCB0044582F /* NetworkManager.swift in Sources */,
				AB80A1E32F28E13F000039A7 /* AnalyticsManager.swift in Sources */,
				1832863F282AFE1A0039B396 /* MovieDetailCenterView.swift in Sources */,
				18899D6A2824648A0051FA82 /* MovieDescriptionView.swift in Sources */,
				18F2871B2850CEEE00C2D5AE /* SpokenLanguage.swift in Sources */,
				1868CC23283EA5A500D8D94B /* MainTabView.swift in Sources */,
				18B30902285FADA000B89724 /* CastPersonView.swift in Sources */,
				18F2870E2850CEE200C2D5AE /* TvSeriesModel.swift in Sources */,
				188CD6F228426FE4007D85D0 /* SplashView.swift in Sources */,
				ABA5E3922F004511003E8BE6 /* View+Extension.swift in Sources */,
				18FE2E9029EAD3D000611CA6 /* LoginFooterView.swift in Sources */,
				18677A692859076A0015FF0E /* FavoriteModel.swift in Sources */,
				18F2870D2850CEE200C2D5AE /* TvSerieDetailModel.swift in Sources */,
				18B30900285FA27B00B89724 /* TvSerieCastModel.swift in Sources */,
				18B30907285FB15E00B89724 /* CastPeopleModel.swift in Sources */,
				18D13030282448410064C61C /* MovieDbApp.swift in Sources */,
				18E66A8329D370FE00451A0D /* LoginBackground.swift in Sources */,
				AB35338A2F24FDED00039197 /* ForgotPasswordButton.swift in Sources */,
				18F2870F2850CEE200C2D5AE /* TvTopRatedModel.swift in Sources */,
				18EC9404283A78D500AB47AC /* ProfileView.swift in Sources */,
			);
			runOnlyForDeploymentPostprocessing = 0;
		};
/* End PBXSourcesBuildPhase section */

/* Begin XCBuildConfiguration section */
		18D13038282448420064C61C /* Debug */ = {
			isa = XCBuildConfiguration;
			buildSettings = {
				ALWAYS_SEARCH_USER_PATHS = NO;
				CLANG_ANALYZER_NONNULL = YES;
				CLANG_ANALYZER_NUMBER_OBJECT_CONVERSION = YES_AGGRESSIVE;
				CLANG_CXX_LANGUAGE_STANDARD = "gnu++17";
				CLANG_ENABLE_MODULES = YES;
				CLANG_ENABLE_OBJC_ARC = YES;
				CLANG_ENABLE_OBJC_WEAK = YES;
				CLANG_WARN_BLOCK_CAPTURE_AUTORELEASING = YES;
				CLANG_WARN_BOOL_CONVERSION = YES;
				CLANG_WARN_COMMA = YES;
				CLANG_WARN_CONSTANT_CONVERSION = YES;
				CLANG_WARN_DEPRECATED_OBJC_IMPLEMENTATIONS = YES;
				CLANG_WARN_DIRECT_OBJC_ISA_USAGE = YES_ERROR;
				CLANG_WARN_DOCUMENTATION_COMMENTS = YES;
				CLANG_WARN_EMPTY_BODY = YES;
				CLANG_WARN_ENUM_CONVERSION = YES;
				CLANG_WARN_INFINITE_RECURSION = YES;
				CLANG_WARN_INT_CONVERSION = YES;
				CLANG_WARN_NON_LITERAL_NULL_CONVERSION = YES;
				CLANG_WARN_OBJC_IMPLICIT_RETAIN_SELF = YES;
				CLANG_WARN_OBJC_LITERAL_CONVERSION = YES;
				CLANG_WARN_OBJC_ROOT_CLASS = YES_ERROR;
				CLANG_WARN_QUOTED_INCLUDE_IN_FRAMEWORK_HEADER = YES;
				CLANG_WARN_RANGE_LOOP_ANALYSIS = YES;
				CLANG_WARN_STRICT_PROTOTYPES = YES;
				CLANG_WARN_SUSPICIOUS_MOVE = YES;
				CLANG_WARN_UNGUARDED_AVAILABILITY = YES_AGGRESSIVE;
				CLANG_WARN_UNREACHABLE_CODE = YES;
				CLANG_WARN__DUPLICATE_METHOD_MATCH = YES;
				COPY_PHASE_STRIP = NO;
				DEBUG_INFORMATION_FORMAT = dwarf;
				DEVELOPMENT_TEAM = 9FSR54Q89Y;
				ENABLE_STRICT_OBJC_MSGSEND = YES;
				ENABLE_TESTABILITY = YES;
				ENABLE_USER_SCRIPT_SANDBOXING = YES;
				GCC_C_LANGUAGE_STANDARD = gnu11;
				GCC_DYNAMIC_NO_PIC = NO;
				GCC_NO_COMMON_BLOCKS = YES;
				GCC_OPTIMIZATION_LEVEL = 0;
				GCC_PREPROCESSOR_DEFINITIONS = (
					"DEBUG=1",
					"$(inherited)",
				);
				GCC_WARN_64_TO_32_BIT_CONVERSION = YES;
				GCC_WARN_ABOUT_RETURN_TYPE = YES_ERROR;
				GCC_WARN_UNDECLARED_SELECTOR = YES;
				GCC_WARN_UNINITIALIZED_AUTOS = YES_AGGRESSIVE;
				GCC_WARN_UNUSED_FUNCTION = YES;
				GCC_WARN_UNUSED_VARIABLE = YES;
				IPHONEOS_DEPLOYMENT_TARGET = 15.4;
				MTL_ENABLE_DEBUG_INFO = INCLUDE_SOURCE;
				MTL_FAST_MATH = YES;
				ONLY_ACTIVE_ARCH = YES;
				SDKROOT = iphoneos;
				STRING_CATALOG_GENERATE_SYMBOLS = YES;
				SWIFT_ACTIVE_COMPILATION_CONDITIONS = DEBUG;
				SWIFT_OPTIMIZATION_LEVEL = "-Onone";
			};
			name = Debug;
		};
		18D13039282448420064C61C /* Release */ = {
			isa = XCBuildConfiguration;
			buildSettings = {
				ALWAYS_SEARCH_USER_PATHS = NO;
				CLANG_ANALYZER_NONNULL = YES;
				CLANG_ANALYZER_NUMBER_OBJECT_CONVERSION = YES_AGGRESSIVE;
				CLANG_CXX_LANGUAGE_STANDARD = "gnu++17";
				CLANG_ENABLE_MODULES = YES;
				CLANG_ENABLE_OBJC_ARC = YES;
				CLANG_ENABLE_OBJC_WEAK = YES;
				CLANG_WARN_BLOCK_CAPTURE_AUTORELEASING = YES;
				CLANG_WARN_BOOL_CONVERSION = YES;
				CLANG_WARN_COMMA = YES;
				CLANG_WARN_CONSTANT_CONVERSION = YES;
				CLANG_WARN_DEPRECATED_OBJC_IMPLEMENTATIONS = YES;
				CLANG_WARN_DIRECT_OBJC_ISA_USAGE = YES_ERROR;
				CLANG_WARN_DOCUMENTATION_COMMENTS = YES;
				CLANG_WARN_EMPTY_BODY = YES;
				CLANG_WARN_ENUM_CONVERSION = YES;
				CLANG_WARN_INFINITE_RECURSION = YES;
				CLANG_WARN_INT_CONVERSION = YES;
				CLANG_WARN_NON_LITERAL_NULL_CONVERSION = YES;
				CLANG_WARN_OBJC_IMPLICIT_RETAIN_SELF = YES;
				CLANG_WARN_OBJC_LITERAL_CONVERSION = YES;
				CLANG_WARN_OBJC_ROOT_CLASS = YES_ERROR;
				CLANG_WARN_QUOTED_INCLUDE_IN_FRAMEWORK_HEADER = YES;
				CLANG_WARN_RANGE_LOOP_ANALYSIS = YES;
				CLANG_WARN_STRICT_PROTOTYPES = YES;
				CLANG_WARN_SUSPICIOUS_MOVE = YES;
				CLANG_WARN_UNGUARDED_AVAILABILITY = YES_AGGRESSIVE;
				CLANG_WARN_UNREACHABLE_CODE = YES;
				CLANG_WARN__DUPLICATE_METHOD_MATCH = YES;
				COPY_PHASE_STRIP = NO;
				DEBUG_INFORMATION_FORMAT = "dwarf-with-dsym";
				DEVELOPMENT_TEAM = 9FSR54Q89Y;
				ENABLE_NS_ASSERTIONS = NO;
				ENABLE_STRICT_OBJC_MSGSEND = YES;
				ENABLE_USER_SCRIPT_SANDBOXING = YES;
				GCC_C_LANGUAGE_STANDARD = gnu11;
				GCC_NO_COMMON_BLOCKS = YES;
				GCC_WARN_64_TO_32_BIT_CONVERSION = YES;
				GCC_WARN_ABOUT_RETURN_TYPE = YES_ERROR;
				GCC_WARN_UNDECLARED_SELECTOR = YES;
				GCC_WARN_UNINITIALIZED_AUTOS = YES_AGGRESSIVE;
				GCC_WARN_UNUSED_FUNCTION = YES;
				GCC_WARN_UNUSED_VARIABLE = YES;
				IPHONEOS_DEPLOYMENT_TARGET = 15.4;
				MTL_ENABLE_DEBUG_INFO = NO;
				MTL_FAST_MATH = YES;
				SDKROOT = iphoneos;
				STRING_CATALOG_GENERATE_SYMBOLS = YES;
				SWIFT_COMPILATION_MODE = wholemodule;
				SWIFT_OPTIMIZATION_LEVEL = "-O";
				VALIDATE_PRODUCT = YES;
			};
			name = Release;
		};
		18D1303B282448420064C61C /* Debug */ = {
			isa = XCBuildConfiguration;
			baseConfigurationReference = DB48551655D2084D209CE71B /* Pods-MovieDb.debug.xcconfig */;
			buildSettings = {
				ASSETCATALOG_COMPILER_APPICON_NAME = AppIcon;
				ASSETCATALOG_COMPILER_GLOBAL_ACCENT_COLOR_NAME = AccentColor;
				CODE_SIGN_STYLE = Automatic;
				CURRENT_PROJECT_VERSION = 1;
				DEVELOPMENT_ASSET_PATHS = "\"MovieDb/Preview Content\"";
				ENABLE_PREVIEWS = YES;
				GENERATE_INFOPLIST_FILE = YES;
				INFOPLIST_FILE = MovieDb/SupportingFiles/Info.plist;
				INFOPLIST_KEY_UIApplicationSceneManifest_Generation = YES;
				INFOPLIST_KEY_UIApplicationSupportsIndirectInputEvents = YES;
				INFOPLIST_KEY_UILaunchScreen_Generation = YES;
				INFOPLIST_KEY_UIStatusBarStyle = UIStatusBarStyleLightContent;
				INFOPLIST_KEY_UISupportedInterfaceOrientations = UIInterfaceOrientationPortrait;
				INFOPLIST_KEY_UISupportedInterfaceOrientations_iPad = "UIInterfaceOrientationLandscapeLeft UIInterfaceOrientationLandscapeRight UIInterfaceOrientationPortrait UIInterfaceOrientationPortraitUpsideDown";
				IPHONEOS_DEPLOYMENT_TARGET = 16.0;
				LD_RUNPATH_SEARCH_PATHS = (
					"$(inherited)",
					"@executable_path/Frameworks",
				);
				MARKETING_VERSION = 1.0;
				PRODUCT_BUNDLE_IDENTIFIER = com.example.MovieDb;
				PRODUCT_NAME = "$(TARGET_NAME)";
				SUPPORTED_PLATFORMS = "iphoneos iphonesimulator";
				SUPPORTS_MACCATALYST = NO;
				SWIFT_EMIT_LOC_STRINGS = YES;
				SWIFT_VERSION = 5.0;
				TARGETED_DEVICE_FAMILY = 1;
			};
			name = Debug;
		};
		18D1303C282448420064C61C /* Release */ = {
			isa = XCBuildConfiguration;
			baseConfigurationReference = 4CF292E88E0CE0C7D7F21B36 /* Pods-MovieDb.release.xcconfig */;
			buildSettings = {
				ASSETCATALOG_COMPILER_APPICON_NAME = AppIcon;
				ASSETCATALOG_COMPILER_GLOBAL_ACCENT_COLOR_NAME = AccentColor;
				CODE_SIGN_STYLE = Automatic;
				CURRENT_PROJECT_VERSION = 1;
				DEVELOPMENT_ASSET_PATHS = "\"MovieDb/Preview Content\"";
				ENABLE_PREVIEWS = YES;
				GENERATE_INFOPLIST_FILE = YES;
				INFOPLIST_FILE = MovieDb/SupportingFiles/Info.plist;
				INFOPLIST_KEY_UIApplicationSceneManifest_Generation = YES;
				INFOPLIST_KEY_UIApplicationSupportsIndirectInputEvents = YES;
				INFOPLIST_KEY_UILaunchScreen_Generation = YES;
				INFOPLIST_KEY_UIStatusBarStyle = UIStatusBarStyleLightContent;
				INFOPLIST_KEY_UISupportedInterfaceOrientations = UIInterfaceOrientationPortrait;
				INFOPLIST_KEY_UISupportedInterfaceOrientations_iPad = "UIInterfaceOrientationLandscapeLeft UIInterfaceOrientationLandscapeRight UIInterfaceOrientationPortrait UIInterfaceOrientationPortraitUpsideDown";
				IPHONEOS_DEPLOYMENT_TARGET = 16.0;
				LD_RUNPATH_SEARCH_PATHS = (
					"$(inherited)",
					"@executable_path/Frameworks",
				);
				MARKETING_VERSION = 1.0;
				PRODUCT_BUNDLE_IDENTIFIER = com.example.MovieDb;
				PRODUCT_NAME = "$(TARGET_NAME)";
				SUPPORTED_PLATFORMS = "iphoneos iphonesimulator";
				SUPPORTS_MACCATALYST = NO;
				SWIFT_EMIT_LOC_STRINGS = YES;
				SWIFT_VERSION = 5.0;
				TARGETED_DEVICE_FAMILY = 1;
			};
			name = Release;
		};
/* End XCBuildConfiguration section */

/* Begin XCConfigurationList section */
		18D13027282448410064C61C /* Build configuration list for PBXProject "MovieDb" */ = {
			isa = XCConfigurationList;
			buildConfigurations = (
				18D13038282448420064C61C /* Debug */,
				18D13039282448420064C61C /* Release */,
			);
			defaultConfigurationIsVisible = 0;
			defaultConfigurationName = Release;
		};
		18D1303A282448420064C61C /* Build configuration list for PBXNativeTarget "MovieDb" */ = {
			isa = XCConfigurationList;
			buildConfigurations = (
				18D1303B282448420064C61C /* Debug */,
				18D1303C282448420064C61C /* Release */,
			);
			defaultConfigurationIsVisible = 0;
			defaultConfigurationName = Release;
		};
/* End XCConfigurationList section */
	};
	rootObject = 18D13024282448410064C61C /* Project object */;
}
